lockfileVersion: '6.0'

settings:
  autoInstallPeers: true
  excludeLinksFromLockfile: false

dependencies:
  '@gsap/react':
    specifier: ^2.1.2
    version: 2.1.2(gsap@3.14.2)(react@19.2.4)
  gsap:
    specifier: ^3.14.2
    version: 3.14.2

packages:

  /@gsap/react@2.1.2(gsap@3.14.2)(react@19.2.4):
    resolution: {integrity: sha512-JqliybO1837UcgH2hVOM4VO+38APk3ECNrsuSM4MuXp+rbf+/2IG2K1YJiqfTcXQHH7XlA0m3ykniFYstfq0Iw==}
    peerDependencies:
      gsap: ^3.12.5
      react: '>=17'
    dependencies:
      gsap: 3.14.2
      react: 19.2.4
    dev: false

  /gsap@3.14.2:
    resolution: {integrity: sha512-P8/mMxVLU7o4+55+1TCnQrPmgjPKnwkzkXOK1asnR9Jg2lna4tEY5qBJjMmAaOBDDZWtlRjBXjLa0w53G/uBLA==}
    dev: false

  /react@19.2.4:
    resolution: {integrity: sha512-9nfp2hYpCwOjAN+8TZFGhtWEwgvWHXqESH8qT89AT/lWklpLON22Lc8pEtnpsZz7VmawabSU0gCjnj8aC0euHQ==}
    engines: {node: '>=0.10.0'}
    dev: false
